
Microsoft Visual Studio Solution File, Format Version 12.00
# Visual Studio Version 17
VisualStudioVersion = 17.11.35312.102
MinimumVisualStudioVersion = 10.0.40219.1
Project("{8BC9CEB8-8B4A-11D0-8D11-00A0C91BC942}") = "3_33", "3_33\3_33.vcxproj", "{D85520AD-E01A-44BB-92D9-8BCA28735BCF}"
EndProject
Global
	GlobalSection(SolutionConfigurationPlatforms) = preSolution
		Debug|x64 = Debug|x64
		Debug|x86 = Debug|x86
		Release|x64 = Release|x64
		Release|x86 = Release|x86
	EndGlobalSection
	GlobalSection(ProjectConfigurationPlatforms) = postSolution
		{D85520AD-E01A-44BB-92D9-8BCA28735BCF}.Debug|x64.ActiveCfg = Debug|x64
		{D85520AD-E01A-44BB-92D9-8BCA28735BCF}.Debug|x64.Build.0 = Debug|x64
		{D85520AD-E01A-44BB-92D9-8BCA28735BCF}.Debug|x86.ActiveCfg = Debug|Win32
		{D85520AD-E01A-44BB-92D9-8BCA28735BCF}.Debug|x86.Build.0 = Debug|Win32
		{D85520AD-E01A-44BB-92D9-8BCA28735BCF}.Release|x64.ActiveCfg = Release|x64
		{D85520AD-E01A-44BB-92D9-8BCA28735BCF}.Release|x64.Build.0 = Release|x64
		{D85520AD-E01A-44BB-92D9-8BCA28735BCF}.Release|x86.ActiveCfg = Release|Win32
		{D85520AD-E01A-44BB-92D9-8BCA28735BCF}.Release|x86.Build.0 = Release|Win32
	EndGlobalSection
	GlobalSection(SolutionProperties) = preSolution
		HideSolutionNode = FALSE
	EndGlobalSection
	GlobalSection(ExtensibilityGlobals) = postSolution
		SolutionGuid = {9052822A-7CE2-4B4A-A47B-0467718DC972}
	EndGlobalSection
EndGlobal
